{
  "nodes": {
    "app-manager": {
      "inputs": {
        "nixpkgs": [
          "nixpkgs"
        ]
      },
      "locked": {
        "lastModified": 1788378282,
        "narHash": "sha256-8kp7fVQaP1isK7cn5pjjoQyhXo06CNGBWfcncFpsB8c=",
        "owner": "kem-a",
        "repo": "AppManager",
        "rev": "3a02f8081c168237b6c9903d5df69a6766d9c06c",
        "type": "github"
      },
      "original": {
        "owner": "kem-a",
        "repo": "AppManager",
        "type": "github"
      }
    },
    "dotfiles": {
      "flake": false,
      "locked": {
        "lastModified": 1791147743,
        "narHash": "sha256-V+JZiHFVjF2Y2lMkaZZOjB17bcOWmKsoyrCY2Jb24FE=",
        "owner": "mitchelljcodes",
        "repo": "dotfiles",
        "rev": "262a342f4b93895148eab1344b468e7b497819e6",
        "type": "github"
      },
      "original": {
        "owner": "mitchelljcodes",
        "repo": "dotfiles",
        "type": "github"
      }
    },
    "millennium": {
      "inputs": {
        "millennium-src": "millennium-src",
        "nixpkgs": [
          "nixpkgs"
        ],
        "nixpkgs-bun": "nixpkgs-bun"
      },
      "locked": {
        "dir": "packages/nix",
        "lastModified": 1791044936,
        "narHash": "sha256-+mNY2lHscvVa4KntAxuRMMFYMYxju06avIKyHooM8EE=",
        "owner": "SteamClientHomebrew",
        "repo": "Millennium",
        "rev": "63c3928f0306edd83122c0f5b085a9b1a3d60f55",
        "type": "github"
      },
      "original": {
        "dir": "packages/nix",
        "owner": "SteamClientHomebrew",
        "repo": "Millennium",
        "type": "github"
      }
    },
    "millennium-src": {
      "flake": false,
      "locked": {
        "lastModified": 1790436335,
        "narHash": "sha256-ghYUa4gPLV/VOflM2zkl/gtdwLWHQpRxG4boQoj4yKM=",
        "owner": "SteamClientHomebrew",
        "repo": "Millennium",
        "rev": "765aa8802f8a4d942ad8ac8323a9e0f233a50fa8",
        "type": "github"
      },
      "original": {
        "owner": "SteamClientHomebrew",
        "repo": "Millennium",
        "rev": "765aa8802f8a4d942ad8ac8323a9e0f233a50fa8",
        "type": "github"
      }
    },
    "nixpkgs": {
      "locked": {
        "lastModified": 1791260994,
        "narHash": "sha256-Miqqk/ammqnTUxaoCyvtwoPeLbI1ksFyLxi/CazZpWY=",
        "owner": "NixOS",
        "repo": "nixpkgs",
        "rev": "151fa4e8ddfdd8dd25d945ad94ed54a13de9f6e4",
        "type": "github"
      },
      "original": {
        "owner": "NixOS",
        "ref": "nixos-unstable",
        "repo": "nixpkgs",
        "type": "github"
      }
    },
    "nixpkgs-bun": {
      "locked": {
        "lastModified": 1790822859,
        "narHash": "sha256-69xHQhAeMAD2wDXO7T2pcOZIF9Sga2W+JkmY2a11Ops=",
        "owner": "nixos",
        "repo": "nixpkgs",
        "rev": "c59305bab2065cfecc4944690d9eedbb56f3a9fa",
        "type": "github"
      },
      "original": {
        "owner": "nixos",
        "repo": "nixpkgs",
        "rev": "c59305bab2065cfecc4944690d9eedbb56f3a9fa",
        "type": "github"
      }
    },
    "root": {
      "inputs": {
        "app-manager": "app-manager",
        "dotfiles": "dotfiles",
        "millennium": "millennium",
        "nixpkgs": "nixpkgs"
      }
    }
  },
  "root": "root",
  "version": 7
}
